
Microsoft Visual Studio Solution File, Format Version 12.00
# Visual Studio Version 16
VisualStudioVersion = 16.0.29806.167
MinimumVisualStudioVersion = 10.0.40219.1
Project("{2150E333-8FDC-42A3-9474-1A3956D46DE8}") = "Microservices", "Microservices", "{AFAFBDE0-B17D-4E4C-AE43-68EAB3C1EF3D}"
EndProject
Project("{2150E333-8FDC-42A3-9474-1A3956D46DE8}") = "Domain", "Domain", "{81B9F645-7015-421B-8104-B5025081DCC3}"
EndProject
Project("{2150E333-8FDC-42A3-9474-1A3956D46DE8}") = "Infra.Bus", "Infra.Bus", "{FF2FBB79-098E-4F65-BE13-038705D839A5}"
EndProject
Project("{2150E333-8FDC-42A3-9474-1A3956D46DE8}") = "Infra.Ioc", "Infra.Ioc", "{A38851C9-CE02-4F6E-9E13-EC678D817686}"
EndProject
Project("{2150E333-8FDC-42A3-9474-1A3956D46DE8}") = "Presentation", "Presentation", "{FBE2E457-E50D-4451-AF32-9C95E92F751F}"
EndProject
Project("{9A19103F-16F7-4668-BE54-9A1E7A4F7556}") = "MicroRabbit.Domain.Core", "MicroRabbit.Domain.Core\MicroRabbit.Domain.Core.csproj", "{983C95D6-C622-4E86-8C5D-316C59FC77CD}"
EndProject
Project("{9A19103F-16F7-4668-BE54-9A1E7A4F7556}") = "MicroRabbit.Infra.Bus", "MicroRabbit.Infra.Bus\MicroRabbit.Infra.Bus.csproj", "{9BE9B801-E68D-4875-95E3-2A0E74F465BF}"
EndProject
Project("{FAE04EC0-301F-11D3-BF4B-00C04F79EFBC}") = "MicroRabbit.Infra.IoC", "MicroRabbit.Infra.IoC\MicroRabbit.Infra.IoC.csproj", "{347F3477-6D0D-41EC-BF2A-CB1F866DB245}"
EndProject
Project("{2150E333-8FDC-42A3-9474-1A3956D46DE8}") = "Banking", "Banking", "{9540525D-CA65-413A-B658-CFFB7BEB1972}"
EndProject
Project("{2150E333-8FDC-42A3-9474-1A3956D46DE8}") = "Api", "Api", "{6E6658DF-907A-4195-B8D1-1652D36A9C62}"
EndProject
Project("{2150E333-8FDC-42A3-9474-1A3956D46DE8}") = "Domain", "Domain", "{61D512FF-C387-44D7-87C5-ED8239002895}"
EndProject
Project("{2150E333-8FDC-42A3-9474-1A3956D46DE8}") = "Application", "Application", "{E7A52A72-09F6-4547-B8F2-A160F3639D13}"
EndProject
Project("{2150E333-8FDC-42A3-9474-1A3956D46DE8}") = "Data", "Data", "{312B3F70-9B1F-4624-9928-81E9FD1636AD}"
EndProject
Project("{FAE04EC0-301F-11D3-BF4B-00C04F79EFBC}") = "MicroRabbit.Banking.Api", "MicroRabbit.Banking.Api\MicroRabbit.Banking.Api.csproj", "{2D11533E-B43B-465E-B164-1A2D3C29291B}"
EndProject
Project("{FAE04EC0-301F-11D3-BF4B-00C04F79EFBC}") = "MicroRabbit.Banking.Application", "MicroRabbit.Banking.Application\MicroRabbit.Banking.Application.csproj", "{6DBECC73-3A98-4299-A781-4CDA1BE1B90E}"
EndProject
Project("{FAE04EC0-301F-11D3-BF4B-00C04F79EFBC}") = "MicroRabbit.Banking.Data", "MicroRabbit.Banking.Data\MicroRabbit.Banking.Data.csproj", "{692866E5-E508-46B2-859E-970ED164C9DB}"
EndProject
Project("{FAE04EC0-301F-11D3-BF4B-00C04F79EFBC}") = "MicroRabbit.Banking.Domain", "MicroRabbit.Banking.Domain\MicroRabbit.Banking.Domain.csproj", "{30F23BD9-9E28-4FD6-AC72-5472C32225FD}"
EndProject
Project("{2150E333-8FDC-42A3-9474-1A3956D46DE8}") = "Transfer", "Transfer", "{36F377E2-1E8D-4F5E-B31D-0835C852C270}"
EndProject
Project("{2150E333-8FDC-42A3-9474-1A3956D46DE8}") = "Api", "Api", "{FC0EE349-F7F2-474C-8867-638310F8DACB}"
EndProject
Project("{2150E333-8FDC-42A3-9474-1A3956D46DE8}") = "Application", "Application", "{8396B8C9-750C-4D44-ACAE-50851849977D}"
EndProject
Project("{2150E333-8FDC-42A3-9474-1A3956D46DE8}") = "Domain", "Domain", "{7C301714-F7DD-4811-96B1-27BAD3520B90}"
EndProject
Project("{2150E333-8FDC-42A3-9474-1A3956D46DE8}") = "Data", "Data", "{89AA3DFC-9F14-425B-BC1C-99C270F19974}"
EndProject
Project("{FAE04EC0-301F-11D3-BF4B-00C04F79EFBC}") = "MicroRabbit.Transfer.Api", "MicroRabbit.Transfer.Api\MicroRabbit.Transfer.Api.csproj", "{B1F4457B-11FF-4A23-AF02-D88F1C91B984}"
EndProject
Project("{FAE04EC0-301F-11D3-BF4B-00C04F79EFBC}") = "MicroRabbit.Transfer.Application", "MicroRabbit.Transfer.Application\MicroRabbit.Transfer.Application.csproj", "{9305152C-12B7-4222-8827-BA6BBECAB9FD}"
EndProject
Project("{FAE04EC0-301F-11D3-BF4B-00C04F79EFBC}") = "MicroRabbit.Transfer.Data", "MicroRabbit.Transfer.Data\MicroRabbit.Transfer.Data.csproj", "{D44369F5-C3FC-45EE-BF8C-982D19DE929C}"
EndProject
Project("{FAE04EC0-301F-11D3-BF4B-00C04F79EFBC}") = "MicroRabbit.Transfer.Domain", "MicroRabbit.Transfer.Domain\MicroRabbit.Transfer.Domain.csproj", "{C94AB5B1-4920-4267-B43D-15A77A3ED4CD}"
EndProject
Global
	GlobalSection(SolutionConfigurationPlatforms) = preSolution
		Debug|Any CPU = Debug|Any CPU
		Release|Any CPU = Release|Any CPU
	EndGlobalSection
	GlobalSection(ProjectConfigurationPlatforms) = postSolution
		{983C95D6-C622-4E86-8C5D-316C59FC77CD}.Debug|Any CPU.ActiveCfg = Debug|Any CPU
		{983C95D6-C622-4E86-8C5D-316C59FC77CD}.Debug|Any CPU.Build.0 = Debug|Any CPU
		{983C95D6-C622-4E86-8C5D-316C59FC77CD}.Release|Any CPU.ActiveCfg = Release|Any CPU
		{983C95D6-C622-4E86-8C5D-316C59FC77CD}.Release|Any CPU.Build.0 = Release|Any CPU
		{9BE9B801-E68D-4875-95E3-2A0E74F465BF}.Debug|Any CPU.ActiveCfg = Debug|Any CPU
		{9BE9B801-E68D-4875-95E3-2A0E74F465BF}.Debug|Any CPU.Build.0 = Debug|Any CPU
		{9BE9B801-E68D-4875-95E3-2A0E74F465BF}.Release|Any CPU.ActiveCfg = Release|Any CPU
		{9BE9B801-E68D-4875-95E3-2A0E74F465BF}.Release|Any CPU.Build.0 = Release|Any CPU
		{347F3477-6D0D-41EC-BF2A-CB1F866DB245}.Debug|Any CPU.ActiveCfg = Debug|Any CPU
		{347F3477-6D0D-41EC-BF2A-CB1F866DB245}.Debug|Any CPU.Build.0 = Debug|Any CPU
		{347F3477-6D0D-41EC-BF2A-CB1F866DB245}.Release|Any CPU.ActiveCfg = Release|Any CPU
		{347F3477-6D0D-41EC-BF2A-CB1F866DB245}.Release|Any CPU.Build.0 = Release|Any CPU
		{2D11533E-B43B-465E-B164-1A2D3C29291B}.Debug|Any CPU.ActiveCfg = Debug|Any CPU
		{2D11533E-B43B-465E-B164-1A2D3C29291B}.Debug|Any CPU.Build.0 = Debug|Any CPU
		{2D11533E-B43B-465E-B164-1A2D3C29291B}.Release|Any CPU.ActiveCfg = Release|Any CPU
		{2D11533E-B43B-465E-B164-1A2D3C29291B}.Release|Any CPU.Build.0 = Release|Any CPU
		{6DBECC73-3A98-4299-A781-4CDA1BE1B90E}.Debug|Any CPU.ActiveCfg = Debug|Any CPU
		{6DBECC73-3A98-4299-A781-4CDA1BE1B90E}.Debug|Any CPU.Build.0 = Debug|Any CPU
		{6DBECC73-3A98-4299-A781-4CDA1BE1B90E}.Release|Any CPU.ActiveCfg = Release|Any CPU
		{6DBECC73-3A98-4299-A781-4CDA1BE1B90E}.Release|Any CPU.Build.0 = Release|Any CPU
		{692866E5-E508-46B2-859E-970ED164C9DB}.Debug|Any CPU.ActiveCfg = Debug|Any CPU
		{692866E5-E508-46B2-859E-970ED164C9DB}.Debug|Any CPU.Build.0 = Debug|Any CPU
		{692866E5-E508-46B2-859E-970ED164C9DB}.Release|Any CPU.ActiveCfg = Release|Any CPU
		{692866E5-E508-46B2-859E-970ED164C9DB}.Release|Any CPU.Build.0 = Release|Any CPU
		{30F23BD9-9E28-4FD6-AC72-5472C32225FD}.Debug|Any CPU.ActiveCfg = Debug|Any CPU
		{30F23BD9-9E28-4FD6-AC72-5472C32225FD}.Debug|Any CPU.Build.0 = Debug|Any CPU
		{30F23BD9-9E28-4FD6-AC72-5472C32225FD}.Release|Any CPU.ActiveCfg = Release|Any CPU
		{30F23BD9-9E28-4FD6-AC72-5472C32225FD}.Release|Any CPU.Build.0 = Release|Any CPU
		{B1F4457B-11FF-4A23-AF02-D88F1C91B984}.Debug|Any CPU.ActiveCfg = Debug|Any CPU
		{B1F4457B-11FF-4A23-AF02-D88F1C91B984}.Debug|Any CPU.Build.0 = Debug|Any CPU
		{B1F4457B-11FF-4A23-AF02-D88F1C91B984}.Release|Any CPU.ActiveCfg = Release|Any CPU
		{B1F4457B-11FF-4A23-AF02-D88F1C91B984}.Release|Any CPU.Build.0 = Release|Any CPU
		{9305152C-12B7-4222-8827-BA6BBECAB9FD}.Debug|Any CPU.ActiveCfg = Debug|Any CPU
		{9305152C-12B7-4222-8827-BA6BBECAB9FD}.Debug|Any CPU.Build.0 = Debug|Any CPU
		{9305152C-12B7-4222-8827-BA6BBECAB9FD}.Release|Any CPU.ActiveCfg = Release|Any CPU
		{9305152C-12B7-4222-8827-BA6BBECAB9FD}.Release|Any CPU.Build.0 = Release|Any CPU
		{D44369F5-C3FC-45EE-BF8C-982D19DE929C}.Debug|Any CPU.ActiveCfg = Debug|Any CPU
		{D44369F5-C3FC-45EE-BF8C-982D19DE929C}.Debug|Any CPU.Build.0 = Debug|Any CPU
		{D44369F5-C3FC-45EE-BF8C-982D19DE929C}.Release|Any CPU.ActiveCfg = Release|Any CPU
		{D44369F5-C3FC-45EE-BF8C-982D19DE929C}.Release|Any CPU.Build.0 = Release|Any CPU
		{C94AB5B1-4920-4267-B43D-15A77A3ED4CD}.Debug|Any CPU.ActiveCfg = Debug|Any CPU
		{C94AB5B1-4920-4267-B43D-15A77A3ED4CD}.Debug|Any CPU.Build.0 = Debug|Any CPU
		{C94AB5B1-4920-4267-B43D-15A77A3ED4CD}.Release|Any CPU.ActiveCfg = Release|Any CPU
		{C94AB5B1-4920-4267-B43D-15A77A3ED4CD}.Release|Any CPU.Build.0 = Release|Any CPU
	EndGlobalSection
	GlobalSection(SolutionProperties) = preSolution
		HideSolutionNode = FALSE
	EndGlobalSection
	GlobalSection(NestedProjects) = preSolution
		{983C95D6-C622-4E86-8C5D-316C59FC77CD} = {81B9F645-7015-421B-8104-B5025081DCC3}
		{9BE9B801-E68D-4875-95E3-2A0E74F465BF} = {FF2FBB79-098E-4F65-BE13-038705D839A5}
		{347F3477-6D0D-41EC-BF2A-CB1F866DB245} = {A38851C9-CE02-4F6E-9E13-EC678D817686}
		{9540525D-CA65-413A-B658-CFFB7BEB1972} = {AFAFBDE0-B17D-4E4C-AE43-68EAB3C1EF3D}
		{6E6658DF-907A-4195-B8D1-1652D36A9C62} = {9540525D-CA65-413A-B658-CFFB7BEB1972}
		{61D512FF-C387-44D7-87C5-ED8239002895} = {9540525D-CA65-413A-B658-CFFB7BEB1972}
		{E7A52A72-09F6-4547-B8F2-A160F3639D13} = {9540525D-CA65-413A-B658-CFFB7BEB1972}
		{312B3F70-9B1F-4624-9928-81E9FD1636AD} = {9540525D-CA65-413A-B658-CFFB7BEB1972}
		{2D11533E-B43B-465E-B164-1A2D3C29291B} = {6E6658DF-907A-4195-B8D1-1652D36A9C62}
		{6DBECC73-3A98-4299-A781-4CDA1BE1B90E} = {E7A52A72-09F6-4547-B8F2-A160F3639D13}
		{692866E5-E508-46B2-859E-970ED164C9DB} = {312B3F70-9B1F-4624-9928-81E9FD1636AD}
		{30F23BD9-9E28-4FD6-AC72-5472C32225FD} = {61D512FF-C387-44D7-87C5-ED8239002895}
		{36F377E2-1E8D-4F5E-B31D-0835C852C270} = {AFAFBDE0-B17D-4E4C-AE43-68EAB3C1EF3D}
		{FC0EE349-F7F2-474C-8867-638310F8DACB} = {36F377E2-1E8D-4F5E-B31D-0835C852C270}
		{8396B8C9-750C-4D44-ACAE-50851849977D} = {36F377E2-1E8D-4F5E-B31D-0835C852C270}
		{7C301714-F7DD-4811-96B1-27BAD3520B90} = {36F377E2-1E8D-4F5E-B31D-0835C852C270}
		{89AA3DFC-9F14-425B-BC1C-99C270F19974} = {36F377E2-1E8D-4F5E-B31D-0835C852C270}
		{B1F4457B-11FF-4A23-AF02-D88F1C91B984} = {FC0EE349-F7F2-474C-8867-638310F8DACB}
		{9305152C-12B7-4222-8827-BA6BBECAB9FD} = {8396B8C9-750C-4D44-ACAE-50851849977D}
		{D44369F5-C3FC-45EE-BF8C-982D19DE929C} = {89AA3DFC-9F14-425B-BC1C-99C270F19974}
		{C94AB5B1-4920-4267-B43D-15A77A3ED4CD} = {7C301714-F7DD-4811-96B1-27BAD3520B90}
	EndGlobalSection
	GlobalSection(ExtensibilityGlobals) = postSolution
		SolutionGuid = {489A47BB-BD46-43E6-BB51-460FE70EB3CC}
	EndGlobalSection
EndGlobal
